
Microsoft Visual Studio Solution File, Format Version 12.00
# Visual Studio Version 16
VisualStudioVersion = 16.0.30717.126
MinimumVisualStudioVersion = 10.0.40219.1
Project("{FAE04EC0-301F-11D3-BF4B-00C04F79EFBC}") = "StaticFilesExample", "StaticFilesExample\StaticFilesExample.csproj", "{19EE8E5C-D487-4D90-891A-EFF3D389D179}"
EndProject
Global
	GlobalSection(SolutionConfigurationPlatforms) = preSolution
		Debug|Any CPU = Debug|Any CPU
		Release|Any CPU = Release|Any CPU
	EndGlobalSection
	GlobalSection(ProjectConfigurationPlatforms) = postSolution
		{19EE8E5C-D487-4D90-891A-EFF3D389D179}.Debug|Any CPU.ActiveCfg = Debug|Any CPU
		{19EE8E5C-D487-4D90-891A-EFF3D389D179}.Debug|Any CPU.Build.0 = Debug|Any CPU
		{19EE8E5C-D487-4D90-891A-EFF3D389D179}.Release|Any CPU.ActiveCfg = Release|Any CPU
		{19EE8E5C-D487-4D90-891A-EFF3D389D179}.Release|Any CPU.Build.0 = Release|Any CPU
	EndGlobalSection
	GlobalSection(SolutionProperties) = preSolution
		HideSolutionNode = FALSE
	EndGlobalSection
	GlobalSection(ExtensibilityGlobals) = postSolution
		SolutionGuid = {F57288D1-DF25-43D3-A7BF-96A347FAD7B2}
	EndGlobalSection
EndGlobal
